<Solution>
  <Folder Name="/src/" />
  <Folder Name="/src/Server/">
    <Project Path="src/Server/RoomBooking.Server.csproj" />
  </Folder>
  <Folder Name="/src/Shared/">
    <Project Path="src/Shared/RoomBooking.Shared.csproj" />
  </Folder>
  <Folder Name="/tests/" />
  <Folder Name="/tests/ConcurrencyTests/">
    <Project Path="tests/ConcurrencyTests/RoomBooking.ConcurrencyTests.csproj" />
  </Folder>
  <Folder Name="/tests/IntegrationTests/">
    <Project Path="tests/IntegrationTests/RoomBooking.IntegrationTests.csproj" />
  </Folder>
  <Folder Name="/tests/UnitTests/">
    <Project Path="tests/UnitTests/RoomBooking.UnitTests.csproj" />
  </Folder>
</Solution>
