Microsoft Visual Studio Solution File, Format Version 12.00
# Visual Studio Version 16
VisualStudioVersion = 16.0.0.0
MinimumVisualStudioVersion = 16.0.0.0
Project("{9A19103F-16F7-4668-BE54-9A1E7A4F7556}") = "RoomBooking.Client", "RoomBooking.Client\RoomBooking.Client.csproj", "{10961275-3911-4A49-A680-11A08D145A11}"
EndProject
Project("{9A19103F-16F7-4668-BE54-9A1E7A4F7556}") = "RoomBooking.Client.Client", "RoomBooking.Client.Client\RoomBooking.Client.Client.csproj", "{D70B9EAA-34B8-4EE4-BBC4-C998E674C1AE}"
EndProject
Global
	GlobalSection(SolutionConfigurationPlatforms) = preSolution
		Debug|Any CPU = Debug|Any CPU
		Debug|x64 = Debug|x64
		Debug|x86 = Debug|x86
		Release|Any CPU = Release|Any CPU
		Release|x64 = Release|x64
		Release|x86 = Release|x86
	EndGlobalSection
	GlobalSection(ProjectConfigurationPlatforms) = postSolution
		{D70B9EAA-34B8-4EE4-BBC4-C998E674C1AE}.Debug|Any CPU.ActiveCfg = Debug|Any CPU
		{D70B9EAA-34B8-4EE4-BBC4-C998E674C1AE}.Debug|Any CPU.Build.0 = Debug|Any CPU
		{D70B9EAA-34B8-4EE4-BBC4-C998E674C1AE}.Debug|x64.ActiveCfg = Debug|Any CPU
		{D70B9EAA-34B8-4EE4-BBC4-C998E674C1AE}.Debug|x64.Build.0 = Debug|Any CPU
		{D70B9EAA-34B8-4EE4-BBC4-C998E674C1AE}.Debug|x86.ActiveCfg = Debug|Any CPU
		{D70B9EAA-34B8-4EE4-BBC4-C998E674C1AE}.Debug|x86.Build.0 = Debug|Any CPU
		{D70B9EAA-34B8-4EE4-BBC4-C998E674C1AE}.Release|Any CPU.ActiveCfg = Release|Any CPU
		{D70B9EAA-34B8-4EE4-BBC4-C998E674C1AE}.Release|Any CPU.Build.0 = Release|Any CPU
		{D70B9EAA-34B8-4EE4-BBC4-C998E674C1AE}.Release|x64.ActiveCfg = Release|Any CPU
		{D70B9EAA-34B8-4EE4-BBC4-C998E674C1AE}.Release|x64.Build.0 = Release|Any CPU
		{D70B9EAA-34B8-4EE4-BBC4-C998E674C1AE}.Release|x86.ActiveCfg = Release|Any CPU
		{D70B9EAA-34B8-4EE4-BBC4-C998E674C1AE}.Release|x86.Build.0 = Release|Any CPU
		{10961275-3911-4A49-A680-11A08D145A11}.Debug|Any CPU.ActiveCfg = Debug|Any CPU
		{10961275-3911-4A49-A680-11A08D145A11}.Debug|Any CPU.Build.0 = Debug|Any CPU
		{10961275-3911-4A49-A680-11A08D145A11}.Debug|x64.ActiveCfg = Debug|Any CPU
		{10961275-3911-4A49-A680-11A08D145A11}.Debug|x64.Build.0 = Debug|Any CPU
		{10961275-3911-4A49-A680-11A08D145A11}.Debug|x86.ActiveCfg = Debug|Any CPU
		{10961275-3911-4A49-A680-11A08D145A11}.Debug|x86.Build.0 = Debug|Any CPU
		{10961275-3911-4A49-A680-11A08D145A11}.Release|Any CPU.ActiveCfg = Release|Any CPU
		{10961275-3911-4A49-A680-11A08D145A11}.Release|Any CPU.Build.0 = Release|Any CPU
		{10961275-3911-4A49-A680-11A08D145A11}.Release|x64.ActiveCfg = Release|Any CPU
		{10961275-3911-4A49-A680-11A08D145A11}.Release|x64.Build.0 = Release|Any CPU
		{10961275-3911-4A49-A680-11A08D145A11}.Release|x86.ActiveCfg = Release|Any CPU
		{10961275-3911-4A49-A680-11A08D145A11}.Release|x86.Build.0 = Release|Any CPU
	EndGlobalSection
	GlobalSection(SolutionProperties) = preSolution
		HideSolutionNode = FALSE
	EndGlobalSection
	GlobalSection(ExtensibilityGlobals) = postSolution
		SolutionGuid = {14A2C1ED-D702-47BC-BCAC-B0A5B961AE0A}
	EndGlobalSection
EndGlobal
